{
  "nodes": {
    "exifaudio": {
      "flake": false,
      "locked": {
        "lastModified": 1750388105,
        "narHash": "sha256-RWCqWBpbmU3sh/A+LBJPXL/AY292blKb/zZXGvIA5/o=",
        "owner": "Sonico98",
        "repo": "exifaudio.yazi",
        "rev": "4506f9d5032e714c0689be09d566dd877b9d464e",
        "type": "github"
      },
      "original": {
        "owner": "Sonico98",
        "repo": "exifaudio.yazi",
        "type": "github"
      }
    },
    "glow": {
      "flake": false,
      "locked": {
        "lastModified": 1749849023,
        "narHash": "sha256-mzW/ut/LTEriZiWF8YMRXG9hZ70OOC0irl5xObTNO40=",
        "owner": "Reledia",
        "repo": "glow.yazi",
        "rev": "bd3eaa58c065eaf216a8d22d64c62d8e0e9277e9",
        "type": "github"
      },
      "original": {
        "owner": "Reledia",
        "repo": "glow.yazi",
        "type": "github"
      }
    },
    "hexyl": {
      "flake": false,
      "locked": {
        "lastModified": 1744660531,
        "narHash": "sha256-ly/cLKl2y3npoT2nX8ioGOFcRXI4UXbD9Es/5veUhOU=",
        "owner": "Reledia",
        "repo": "hexyl.yazi",
        "rev": "016a09bcc249dd3ce06267d54cc039e73de9c647",
        "type": "github"
      },
      "original": {
        "owner": "Reledia",
        "repo": "hexyl.yazi",
        "type": "github"
      }
    },
    "lazygit": {
      "flake": false,
      "locked": {
        "lastModified": 1754466897,
        "narHash": "sha256-rR7SMTtQYrvQjhkzulDaNH/LAA77UnXkcZ50WwBX2Uw=",
        "owner": "Lil-Dank",
        "repo": "lazygit.yazi",
        "rev": "8f37dc5795f165021098b17d797c7b8f510aeca9",
        "type": "github"
      },
      "original": {
        "owner": "Lil-Dank",
        "repo": "lazygit.yazi",
        "type": "github"
      }
    },
    "mdcat": {
      "flake": false,
      "locked": {
        "lastModified": 1745481020,
        "narHash": "sha256-lrPFBZASnBkjfJBeQmZizllMr+IoT0Ws+Axa0FBzR0o=",
        "owner": "GrzegorzKozub",
        "repo": "mdcat.yazi",
        "rev": "7b7380a4ba81a0dc31243b9f55e4f7c255a41984",
        "type": "github"
      },
      "original": {
        "owner": "GrzegorzKozub",
        "repo": "mdcat.yazi",
        "type": "github"
      }
    },
    "mediainfo": {
      "flake": false,
      "locked": {
        "lastModified": 1754473534,
        "narHash": "sha256-CHigaujMHd1BuYyyxzI5B4ZYQhuH2YZptVVJToq39sY=",
        "owner": "boydaihungst",
        "repo": "mediainfo.yazi",
        "rev": "0e2ae47cfb2b7c7a32d714c753b1cebbaa75d127",
        "type": "github"
      },
      "original": {
        "owner": "boydaihungst",
        "repo": "mediainfo.yazi",
        "type": "github"
      }
    },
    "miller": {
      "flake": false,
      "locked": {
        "lastModified": 1744894683,
        "narHash": "sha256-pZpx7V5ud5JhEkgkfVBSuM0CFIIUXZZ+pOX0xVlHf+0=",
        "owner": "Reledia",
        "repo": "miller.yazi",
        "rev": "0a3d1316e38132ae9a6b91fbd69bab295cbbf2fe",
        "type": "github"
      },
      "original": {
        "owner": "Reledia",
        "repo": "miller.yazi",
        "type": "github"
      }
    },
    "nix-lib": {
      "locked": {
        "lastModified": 1725932135,
        "narHash": "sha256-lOth3aX2oK1KGNBIKJDDrVSW7DqZHkyT+FvjZ9r7bOk=",
        "owner": "ekala-project",
        "repo": "nix-lib",
        "rev": "f3baad9fc4df31152e6150712204bb391214fdd7",
        "type": "github"
      },
      "original": {
        "owner": "ekala-project",
        "repo": "nix-lib",
        "type": "github"
      }
    },
    "root": {
      "inputs": {
        "exifaudio": "exifaudio",
        "glow": "glow",
        "hexyl": "hexyl",
        "lazygit": "lazygit",
        "mdcat": "mdcat",
        "mediainfo": "mediainfo",
        "miller": "miller",
        "nix-lib": "nix-lib",
        "starship": "starship",
        "what-size": "what-size",
        "yazi-plugins": "yazi-plugins"
      }
    },
    "starship": {
      "flake": false,
      "locked": {
        "lastModified": 1751987592,
        "narHash": "sha256-PYeR6fiWDbUMpJbTFSkM57FzmCbsB4W4IXXe25wLncg=",
        "owner": "Rolv-Apneseth",
        "repo": "starship.yazi",
        "rev": "a63550b2f91f0553cc545fd8081a03810bc41bc0",
        "type": "github"
      },
      "original": {
        "owner": "Rolv-Apneseth",
        "repo": "starship.yazi",
        "type": "github"
      }
    },
    "what-size": {
      "flake": false,
      "locked": {
        "lastModified": 1750345856,
        "narHash": "sha256-s2BifzWr/uewDI6Bowy7J+5LrID6I6OFEA5BrlOPNcM=",
        "owner": "pirafrank",
        "repo": "what-size.yazi",
        "rev": "d8966568f2a80394bf1f9a1ace6708ddd4cc8154",
        "type": "github"
      },
      "original": {
        "owner": "pirafrank",
        "repo": "what-size.yazi",
        "type": "github"
      }
    },
    "yazi-plugins": {
      "flake": false,
      "locked": {
        "lastModified": 1753282815,
        "narHash": "sha256-ixZKOtLOwLHLeSoEkk07TB3N57DXoVEyImR3qzGUzxQ=",
        "owner": "yazi-rs",
        "repo": "plugins",
        "rev": "de53d90cb2740f84ae595f93d0c4c23f8618a9e4",
        "type": "github"
      },
      "original": {
        "owner": "yazi-rs",
        "repo": "plugins",
        "type": "github"
      }
    }
  },
  "root": "root",
  "version": 7
}
